# This file is generated by running "yarn install" inside your project.
# Manual changes might be lost - proceed with caution!

__metadata:
  version: 6
  cacheKey: 8

"@sindresorhus/is@npm:^5.2.0":
  version: 5.6.0
  resolution: "@sindresorhus/is@npm:5.6.0"
  checksum: 2e6e0c3acf188dcd9aea0f324ac1b6ad04c9fc672392a7b5a1218512fcde066965797eba8b9fe2108657a504388bd4a6664e6e6602555168e828a6df08b9f10e
  languageName: node
  linkType: hard

"@szmarczak/http-timer@npm:^5.0.1":
  version: 5.0.1
  resolution: "@szmarczak/http-timer@npm:5.0.1"
  dependencies:
    defer-to-connect: ^2.0.1
  checksum: fc9cb993e808806692e4a3337c90ece0ec00c89f4b67e3652a356b89730da98bc824273a6d67ca84d5f33cd85f317dcd5ce39d8cc0a2f060145a608a7cb8ce92
  languageName: node
  linkType: hard

"@types/http-cache-semantics@npm:^4.0.2":
  version: 4.0.3
  resolution: "@types/http-cache-semantics@npm:4.0.3"
  checksum: 8a672e545fd01ba3a9f16000639ac687bdbbc6bc37e534fbcf55ac9036a168c96f953c79e063d67e937d9fc0be41734d8af378f75bf1ecb7a24e499001486053
  languageName: node
  linkType: hard

"@types/node@npm:*":
  version: 20.8.7
  resolution: "@types/node@npm:20.8.7"
  dependencies:
    undici-types: ~5.25.1
  checksum: 2173c0c03daefcb60c03a61b1371b28c8fe412e7a40dc6646458b809d14a85fbc7aeb369d957d57f0aaaafd99964e77436f29b3b579232d8f2b20c58abbd1d25
  languageName: node
  linkType: hard

"@yuju/tosspayments-sdk-demo@workspace:.":
  version: 0.0.0-use.local
  resolution: "@yuju/tosspayments-sdk-demo@workspace:."
  dependencies:
    "@yuju/tosspayments-sdk": ^0.1.0
    chrome-launcher: ^1.1.0
    typescript: 5.2.2
  languageName: unknown
  linkType: soft

"@yuju/tosspayments-sdk@npm:^0.1.0":
  version: 0.1.0
  resolution: "@yuju/tosspayments-sdk@npm:0.1.0"
  dependencies:
    got: ^12.6.1
  checksum: 7ffe20318aafc232f0ee315d74ff56795ad53977cd7c07b8732b1f6a29fca22480ed09b3598c49582c9f8d827f9435043ab1ff353150c81f420e88713fb3312b
  languageName: node
  linkType: hard

"cacheable-lookup@npm:^7.0.0":
  version: 7.0.0
  resolution: "cacheable-lookup@npm:7.0.0"
  checksum: 9e2856763fc0a7347ab34d704c010440b819d4bb5e3593b664381b7433e942dd22e67ee5581f12256f908e79b82d30b86ebbacf40a081bfe10ee93fbfbc2d6a9
  languageName: node
  linkType: hard

"cacheable-request@npm:^10.2.8":
  version: 10.2.14
  resolution: "cacheable-request@npm:10.2.14"
  dependencies:
    "@types/http-cache-semantics": ^4.0.2
    get-stream: ^6.0.1
    http-cache-semantics: ^4.1.1
    keyv: ^4.5.3
    mimic-response: ^4.0.0
    normalize-url: ^8.0.0
    responselike: ^3.0.0
  checksum: 56f2b8e1c497c91f8391f0b099d19907a7dde25e71087e622b23e45fc8061736c2a6964ef121b16f377c3c61079cf8dc17320ab54004209d1343e4d26aba7015
  languageName: node
  linkType: hard

"chrome-launcher@npm:^1.1.0":
  version: 1.1.0
  resolution: "chrome-launcher@npm:1.1.0"
  dependencies:
    "@types/node": "*"
    escape-string-regexp: ^4.0.0
    is-wsl: ^2.2.0
    lighthouse-logger: ^2.0.1
  bin:
    print-chrome-path: bin/print-chrome-path.js
  checksum: 55db70ada9d2aa796ddcf0b39d4406a62a904937a5d4f3ec395f6ae4321314e06dec15a32bde5445f19914d5608d72c3a28ac56f39ac9c8db1cfdd810333dc41
  languageName: node
  linkType: hard

"debug@npm:^2.6.9":
  version: 2.6.9
  resolution: "debug@npm:2.6.9"
  dependencies:
    ms: 2.0.0
  checksum: d2f51589ca66df60bf36e1fa6e4386b318c3f1e06772280eea5b1ae9fd3d05e9c2b7fd8a7d862457d00853c75b00451aa2d7459b924629ee385287a650f58fe6
  languageName: node
  linkType: hard

"decompress-response@npm:^6.0.0":
  version: 6.0.0
  resolution: "decompress-response@npm:6.0.0"
  dependencies:
    mimic-response: ^3.1.0
  checksum: d377cf47e02d805e283866c3f50d3d21578b779731e8c5072d6ce8c13cc31493db1c2f6784da9d1d5250822120cefa44f1deab112d5981015f2e17444b763812
  languageName: node
  linkType: hard

"defer-to-connect@npm:^2.0.1":
  version: 2.0.1
  resolution: "defer-to-connect@npm:2.0.1"
  checksum: 8a9b50d2f25446c0bfefb55a48e90afd58f85b21bcf78e9207cd7b804354f6409032a1705c2491686e202e64fc05f147aa5aa45f9aa82627563f045937f5791b
  languageName: node
  linkType: hard

"escape-string-regexp@npm:^4.0.0":
  version: 4.0.0
  resolution: "escape-string-regexp@npm:4.0.0"
  checksum: 98b48897d93060f2322108bf29db0feba7dd774be96cd069458d1453347b25ce8682ecc39859d4bca2203cc0ab19c237bcc71755eff49a0f8d90beadeeba5cc5
  languageName: node
  linkType: hard

"form-data-encoder@npm:^2.1.2":
  version: 2.1.4
  resolution: "form-data-encoder@npm:2.1.4"
  checksum: e0b3e5950fb69b3f32c273944620f9861f1933df9d3e42066e038e26dfb343d0f4465de9f27e0ead1a09d9df20bc2eed06a63c2ca2f8f00949e7202bae9e29dd
  languageName: node
  linkType: hard

"get-stream@npm:^6.0.1":
  version: 6.0.1
  resolution: "get-stream@npm:6.0.1"
  checksum: e04ecece32c92eebf5b8c940f51468cd53554dcbb0ea725b2748be583c9523d00128137966afce410b9b051eb2ef16d657cd2b120ca8edafcf5a65e81af63cad
  languageName: node
  linkType: hard

"got@npm:^12.6.1":
  version: 12.6.1
  resolution: "got@npm:12.6.1"
  dependencies:
    "@sindresorhus/is": ^5.2.0
    "@szmarczak/http-timer": ^5.0.1
    cacheable-lookup: ^7.0.0
    cacheable-request: ^10.2.8
    decompress-response: ^6.0.0
    form-data-encoder: ^2.1.2
    get-stream: ^6.0.1
    http2-wrapper: ^2.1.10
    lowercase-keys: ^3.0.0
    p-cancelable: ^3.0.0
    responselike: ^3.0.0
  checksum: 3c37f5d858aca2859f9932e7609d35881d07e7f2d44c039d189396f0656896af6c77c22f2c51c563f8918be483f60ff41e219de742ab4642d4b106711baccbd5
  languageName: node
  linkType: hard

"http-cache-semantics@npm:^4.1.1":
  version: 4.1.1
  resolution: "http-cache-semantics@npm:4.1.1"
  checksum: 83ac0bc60b17a3a36f9953e7be55e5c8f41acc61b22583060e8dedc9dd5e3607c823a88d0926f9150e571f90946835c7fe150732801010845c72cd8bbff1a236
  languageName: node
  linkType: hard

"http2-wrapper@npm:^2.1.10":
  version: 2.2.0
  resolution: "http2-wrapper@npm:2.2.0"
  dependencies:
    quick-lru: ^5.1.1
    resolve-alpn: ^1.2.0
  checksum: 6fd20e5cb6a58151715b3581e06a62a47df943187d2d1f69e538a50cccb7175dd334ecfde7900a37d18f3e13a1a199518a2c211f39860e81e9a16210c199cfaa
  languageName: node
  linkType: hard

"is-docker@npm:^2.0.0":
  version: 2.2.1
  resolution: "is-docker@npm:2.2.1"
  bin:
    is-docker: cli.js
  checksum: 3fef7ddbf0be25958e8991ad941901bf5922ab2753c46980b60b05c1bf9c9c2402d35e6dc32e4380b980ef5e1970a5d9d5e5aa2e02d77727c3b6b5e918474c56
  languageName: node
  linkType: hard

"is-wsl@npm:^2.2.0":
  version: 2.2.0
  resolution: "is-wsl@npm:2.2.0"
  dependencies:
    is-docker: ^2.0.0
  checksum: 20849846ae414997d290b75e16868e5261e86ff5047f104027026fd61d8b5a9b0b3ade16239f35e1a067b3c7cc02f70183cb661010ed16f4b6c7c93dad1b19d8
  languageName: node
  linkType: hard

"json-buffer@npm:3.0.1":
  version: 3.0.1
  resolution: "json-buffer@npm:3.0.1"
  checksum: 9026b03edc2847eefa2e37646c579300a1f3a4586cfb62bf857832b60c852042d0d6ae55d1afb8926163fa54c2b01d83ae24705f34990348bdac6273a29d4581
  languageName: node
  linkType: hard

"keyv@npm:^4.5.3":
  version: 4.5.4
  resolution: "keyv@npm:4.5.4"
  dependencies:
    json-buffer: 3.0.1
  checksum: 74a24395b1c34bd44ad5cb2b49140d087553e170625240b86755a6604cd65aa16efdbdeae5cdb17ba1284a0fbb25ad06263755dbc71b8d8b06f74232ce3cdd72
  languageName: node
  linkType: hard

"lighthouse-logger@npm:^2.0.1":
  version: 2.0.1
  resolution: "lighthouse-logger@npm:2.0.1"
  dependencies:
    debug: ^2.6.9
    marky: ^1.2.2
  checksum: 65f633e0cf6722dac2f31d886b49064a100301d3e44650810ce64ff1a358b35bfc9c828a853ae386f19e4eb1cce80a61195529b7fb5af9f5a6c90051b801ab6f
  languageName: node
  linkType: hard

"lowercase-keys@npm:^3.0.0":
  version: 3.0.0
  resolution: "lowercase-keys@npm:3.0.0"
  checksum: 67a3f81409af969bc0c4ca0e76cd7d16adb1e25aa1c197229587eaf8671275c8c067cd421795dbca4c81be0098e4c426a086a05e30de8a9c587b7a13c0c7ccc5
  languageName: node
  linkType: hard

"marky@npm:^1.2.2":
  version: 1.2.5
  resolution: "marky@npm:1.2.5"
  checksum: 823b946677749551cdfc3b5221685478b5d1b9cc0dc03eff977c6f9a615fb05c67559f9556cb3c0fcb941a9ea0e195e37befd83026443396ccee8b724f54f4c5
  languageName: node
  linkType: hard

"mimic-response@npm:^3.1.0":
  version: 3.1.0
  resolution: "mimic-response@npm:3.1.0"
  checksum: 25739fee32c17f433626bf19f016df9036b75b3d84a3046c7d156e72ec963dd29d7fc8a302f55a3d6c5a4ff24259676b15d915aad6480815a969ff2ec0836867
  languageName: node
  linkType: hard

"mimic-response@npm:^4.0.0":
  version: 4.0.0
  resolution: "mimic-response@npm:4.0.0"
  checksum: 33b804cc961efe206efdb1fca6a22540decdcfce6c14eb5c0c50e5ae9022267ab22ce8f5568b1f7247ba67500fe20d523d81e0e9f009b321ccd9d472e78d1850
  languageName: node
  linkType: hard

"ms@npm:2.0.0":
  version: 2.0.0
  resolution: "ms@npm:2.0.0"
  checksum: 0e6a22b8b746d2e0b65a430519934fefd41b6db0682e3477c10f60c76e947c4c0ad06f63ffdf1d78d335f83edee8c0aa928aa66a36c7cd95b69b26f468d527f4
  languageName: node
  linkType: hard

"normalize-url@npm:^8.0.0":
  version: 8.0.0
  resolution: "normalize-url@npm:8.0.0"
  checksum: 24c20b75ebfd526d8453084692720b49d111c63c0911f1b7447427829597841eef5a8ba3f6bb93d6654007b991c1f5cd85da2c907800e439e2e2ec6c2abd0fc0
  languageName: node
  linkType: hard

"p-cancelable@npm:^3.0.0":
  version: 3.0.0
  resolution: "p-cancelable@npm:3.0.0"
  checksum: 2b5ae34218f9c2cf7a7c18e5d9a726ef9b165ef07e6c959f6738371509e747334b5f78f3bcdeb03d8a12dcb978faf641fd87eb21486ed7d36fb823b8ddef3219
  languageName: node
  linkType: hard

"quick-lru@npm:^5.1.1":
  version: 5.1.1
  resolution: "quick-lru@npm:5.1.1"
  checksum: a516faa25574be7947969883e6068dbe4aa19e8ef8e8e0fd96cddd6d36485e9106d85c0041a27153286b0770b381328f4072aa40d3b18a19f5f7d2b78b94b5ed
  languageName: node
  linkType: hard

"resolve-alpn@npm:^1.2.0":
  version: 1.2.1
  resolution: "resolve-alpn@npm:1.2.1"
  checksum: f558071fcb2c60b04054c99aebd572a2af97ef64128d59bef7ab73bd50d896a222a056de40ffc545b633d99b304c259ea9d0c06830d5c867c34f0bfa60b8eae0
  languageName: node
  linkType: hard

"responselike@npm:^3.0.0":
  version: 3.0.0
  resolution: "responselike@npm:3.0.0"
  dependencies:
    lowercase-keys: ^3.0.0
  checksum: e0cc9be30df4f415d6d83cdede3c5c887cd4a73e7cc1708bcaab1d50a28d15acb68460ac5b02bcc55a42f3d493729c8856427dcf6e57e6e128ad05cba4cfb95e
  languageName: node
  linkType: hard

"typescript@npm:5.2.2":
  version: 5.2.2
  resolution: "typescript@npm:5.2.2"
  bin:
    tsc: bin/tsc
    tsserver: bin/tsserver
  checksum: 7912821dac4d962d315c36800fe387cdc0a6298dba7ec171b350b4a6e988b51d7b8f051317786db1094bd7431d526b648aba7da8236607febb26cf5b871d2d3c
  languageName: node
  linkType: hard

"typescript@patch:typescript@5.2.2#~builtin<compat/typescript>":
  version: 5.2.2
  resolution: "typescript@patch:typescript@npm%3A5.2.2#~builtin<compat/typescript>::version=5.2.2&hash=ad5954"
  bin:
    tsc: bin/tsc
    tsserver: bin/tsserver
  checksum: 07106822b4305de3f22835cbba949a2b35451cad50888759b6818421290ff95d522b38ef7919e70fb381c5fe9c1c643d7dea22c8b31652a717ddbd57b7f4d554
  languageName: node
  linkType: hard

"undici-types@npm:~5.25.1":
  version: 5.25.3
  resolution: "undici-types@npm:5.25.3"
  checksum: ec9d2cc36520cbd9fbe3b3b6c682a87fe5be214699e1f57d1e3d9a2cb5be422e62735f06e0067dc325fd3dd7404c697e4d479f9147dc8a804e049e29f357f2ff
  languageName: node
  linkType: hard
